
Microsoft Visual Studio Solution File, Format Version 12.00
# Visual Studio Version 17
VisualStudioVersion = 17.9.34607.119
MinimumVisualStudioVersion = 10.0.40219.1
Project("{FAE04EC0-301F-11D3-BF4B-00C04F79EFBC}") = "Backend", "Backend\Backend.csproj", "{F94485A4-D653-4151-8DC9-E23D08676505}"
EndProject
Project("{FAE04EC0-301F-11D3-BF4B-00C04F79EFBC}") = "FrontEnd", "FrontEnd\FrontEnd.csproj", "{8EB951C5-4EED-42FB-B0C9-D730EF4BDA21}"
EndProject
Global
	GlobalSection(SolutionConfigurationPlatforms) = preSolution
		Debug|Any CPU = Debug|Any CPU
		Release|Any CPU = Release|Any CPU
	EndGlobalSection
	GlobalSection(ProjectConfigurationPlatforms) = postSolution
		{F94485A4-D653-4151-8DC9-E23D08676505}.Debug|Any CPU.ActiveCfg = Debug|Any CPU
		{F94485A4-D653-4151-8DC9-E23D08676505}.Debug|Any CPU.Build.0 = Debug|Any CPU
		{F94485A4-D653-4151-8DC9-E23D08676505}.Release|Any CPU.ActiveCfg = Release|Any CPU
		{F94485A4-D653-4151-8DC9-E23D08676505}.Release|Any CPU.Build.0 = Release|Any CPU
		{8EB951C5-4EED-42FB-B0C9-D730EF4BDA21}.Debug|Any CPU.ActiveCfg = Debug|Any CPU
		{8EB951C5-4EED-42FB-B0C9-D730EF4BDA21}.Debug|Any CPU.Build.0 = Debug|Any CPU
		{8EB951C5-4EED-42FB-B0C9-D730EF4BDA21}.Release|Any CPU.ActiveCfg = Release|Any CPU
		{8EB951C5-4EED-42FB-B0C9-D730EF4BDA21}.Release|Any CPU.Build.0 = Release|Any CPU
	EndGlobalSection
	GlobalSection(SolutionProperties) = preSolution
		HideSolutionNode = FALSE
	EndGlobalSection
	GlobalSection(ExtensibilityGlobals) = postSolution
		SolutionGuid = {F470CE21-B687-4747-B6AE-6CA31F1A9068}
	EndGlobalSection
EndGlobal
